
Microsoft Visual Studio Solution File, Format Version 12.00
# Visual Studio Version 16
VisualStudioVersion = 16.0.31424.327
MinimumVisualStudioVersion = 10.0.40219.1
Project("{FAE04EC0-301F-11D3-BF4B-00C04F79EFBC}") = "SOMIService", "SOMIService\SOMIService.csproj", "{A9FAA238-4172-48EB-989D-957C37C8926D}"
EndProject
Global
	GlobalSection(SolutionConfigurationPlatforms) = preSolution
		Debug|Any CPU = Debug|Any CPU
		Release|Any CPU = Release|Any CPU
	EndGlobalSection
	GlobalSection(ProjectConfigurationPlatforms) = postSolution
		{A9FAA238-4172-48EB-989D-957C37C8926D}.Debug|Any CPU.ActiveCfg = Debug|Any CPU
		{A9FAA238-4172-48EB-989D-957C37C8926D}.Debug|Any CPU.Build.0 = Debug|Any CPU
		{A9FAA238-4172-48EB-989D-957C37C8926D}.Release|Any CPU.ActiveCfg = Release|Any CPU
		{A9FAA238-4172-48EB-989D-957C37C8926D}.Release|Any CPU.Build.0 = Release|Any CPU
	EndGlobalSection
	GlobalSection(SolutionProperties) = preSolution
		HideSolutionNode = FALSE
	EndGlobalSection
	GlobalSection(ExtensibilityGlobals) = postSolution
		SolutionGuid = {9F159C76-22B6-40DA-8135-8CB761DC6E34}
	EndGlobalSection
EndGlobal
